<?xml version="1.0" encoding="utf-8"?>
<Project ToolsVersion="4.0" xmlns="http://schemas.microsoft.com/developer/msbuild/2003">
  <ItemGroup>
    <Filter Include="Header Files">
      <UniqueIdentifier>{93995380-89BD-4b04-88EB-625FBE52EBFB}</UniqueIdentifier>
      <Extensions>h;hh;hpp;hxx;h++;hm;inl;inc;ipp;xsd</Extensions>
    </Filter>
    <Filter Include="Resource Files">
      <UniqueIdentifier>{67DA6AB6-F800-4c08-8B7A-83BB121AAD01}</UniqueIdentifier>
      <Extensions>rc;ico;cur;bmp;dlg;rc2;rct;bin;rgs;gif;jpg;jpeg;jpe;resx;tiff;tif;png;wav;mfcribbon-ms</Extensions>
    </Filter>
    <Filter Include="Source Files">
      <UniqueIdentifier>{4FC737F1-C7A5-4376-A066-2A32D752A2FF}</UniqueIdentifier>
      <Extensions>cpp;c;cc;cxx;c++;cppm;ixx;def;odl;idl;hpj;bat;asm;asmx</Extensions>
    </Filter>
  </ItemGroup>
  <ItemGroup>
    <ClInclude Include="Board.h">
      <Filter>Header Files</Filter>
    </ClInclude>
    <ClInclude Include="Point.h">
      <Filter>Header Files</Filter>
    </ClInclude>
    <ClInclude Include="Color.h">
      <Filter>Header Files</Filter>
    </ClInclude>
    <ClInclude Include="Spaceship.h">
      <Filter>Header Files</Filter>
    </ClInclude>
    <ClInclude Include="Block.h">
      <Filter>Header Files</Filter>
    </ClInclude>
    <ClInclude Include="Game.h">
      <Filter>Header Files</Filter>
    </ClInclude>
    <ClInclude Include="io_utils.h">
      <Filter>Header Files</Filter>
    </ClInclude>
    <ClInclude Include="Config.h">
      <Filter>Header Files</Filter>
    </ClInclude>
    <ClInclude Include="ShipSize.h">
      <Filter>Header Files</Filter>
    </ClInclude>
    <ClInclude Include="BoardFigure.h">
      <Filter>Header Files</Filter>
    </ClInclude>
    <ClInclude Include="ObjectId.h">
      <Filter>Header Files</Filter>
    </ClInclude>
    <ClInclude Include="GameStatus.h">
      <Filter>Header Files</Filter>
    </ClInclude>
    <ClInclude Include="Ghost.h">
      <Filter>Header Files</Filter>
    </ClInclude>
    <ClInclude Include="Direction.h">
      <Filter>Header Files</Filter>
    </ClInclude>
    <ClInclude Include="WonderGhost.h">
      <Filter>Header Files</Filter>
    </ClInclude>
    <ClInclude Include="HorizontalGhost.h">
      <Filter>Header Files</Filter>
    </ClInclude>
    <ClInclude Include="LineGhost.h">
      <Filter>Header Files</Filter>
    </ClInclude>
    <ClInclude Include="VerticalGhost.h">
      <Filter>Header Files</Filter>
    </ClInclude>
    <ClInclude Include="GameMode.h">
      <Filter>Header Files</Filter>
    </ClInclude>
    <ClInclude Include="GameSpeedModes.h">
      <Filter>Header Files</Filter>
    </ClInclude>
    <ClInclude Include="BoardFiles.h">
      <Filter>Header Files</Filter>
    </ClInclude>
  </ItemGroup>
  <ItemGroup>
    <ClCompile Include="Board.cpp">
      <Filter>Source Files</Filter>
    </ClCompile>
    <ClCompile Include="main.cpp">
      <Filter>Source Files</Filter>
    </ClCompile>
    <ClCompile Include="Point.cpp">
      <Filter>Source Files</Filter>
    </ClCompile>
    <ClCompile Include="Block.cpp">
      <Filter>Source Files</Filter>
    </ClCompile>
    <ClCompile Include="Game.cpp">
      <Filter>Source Files</Filter>
    </ClCompile>
    <ClCompile Include="Spaceship.cpp">
      <Filter>Source Files</Filter>
    </ClCompile>
    <ClCompile Include="io_utils.cpp">
      <Filter>Source Files</Filter>
    </ClCompile>
    <ClCompile Include="Ghost.cpp">
      <Filter>Source Files</Filter>
    </ClCompile>
    <ClCompile Include="HorizontalGhost.cpp">
      <Filter>Source Files</Filter>
    </ClCompile>
    <ClCompile Include="LineGhost.cpp">
      <Filter>Source Files</Filter>
    </ClCompile>
    <ClCompile Include="VerticalGhost.cpp">
      <Filter>Source Files</Filter>
    </ClCompile>
    <ClCompile Include="WonderGhost.cpp">
      <Filter>Source Files</Filter>
    </ClCompile>
    <ClCompile Include="BoardFiles.cpp">
      <Filter>Source Files</Filter>
    </ClCompile>
  </ItemGroup>
  <ItemGroup>
    <None Include="tb_a.screen">
      <Filter>Resource Files</Filter>
    </None>
    <None Include="tb_b.screen">
      <Filter>Resource Files</Filter>
    </None>
    <None Include="tb_c.screen">
      <Filter>Resource Files</Filter>
    </None>
    <None Include="tb_a.steps">
      <Filter>Resource Files</Filter>
    </None>
    <None Include="tb_b.steps">
      <Filter>Resource Files</Filter>
    </None>
    <None Include="tb_c.steps">
      <Filter>Resource Files</Filter>
    </None>
    <None Include="tb_a.result">
      <Filter>Resource Files</Filter>
    </None>
    <None Include="tb_b.result">
      <Filter>Resource Files</Filter>
    </None>
    <None Include="tb_c.result">
      <Filter>Resource Files</Filter>
    </None>
  </ItemGroup>
  <ItemGroup>
    <Text Include="file_format.txt">
      <Filter>Resource Files</Filter>
    </Text>
  </ItemGroup>
</Project>